<?xml version="1.0" encoding="utf-8"?>
<Project ToolsVersion="4.0" xmlns="http://schemas.microsoft.com/developer/msbuild/2003">
  <ItemGroup>
    <Filter Include="源文件">
      <UniqueIdentifier>{4FC737F1-C7A5-4376-A066-2A32D752A2FF}</UniqueIdentifier>
      <Extensions>cpp;c;cc;cxx;c++;def;odl;idl;hpj;bat;asm;asmx</Extensions>
    </Filter>
    <Filter Include="头文件">
      <UniqueIdentifier>{93995380-89BD-4b04-88EB-625FBE52EBFB}</UniqueIdentifier>
      <Extensions>h;hh;hpp;hxx;h++;hm;inl;inc;ipp;xsd</Extensions>
    </Filter>
    <Filter Include="资源文件">
      <UniqueIdentifier>{67DA6AB6-F800-4c08-8B7A-83BB121AAD01}</UniqueIdentifier>
      <Extensions>rc;ico;cur;bmp;dlg;rc2;rct;bin;rgs;gif;jpg;jpeg;jpe;resx;tiff;tif;png;wav;mfcribbon-ms</Extensions>
    </Filter>
    <Filter Include="imgui">
      <UniqueIdentifier>{20aeb3b0-564b-4cca-8938-d8c96f737958}</UniqueIdentifier>
    </Filter>
    <Filter Include="头文件\model">
      <UniqueIdentifier>{2862e47a-1d2a-48f4-9539-e94fa796e792}</UniqueIdentifier>
    </Filter>
    <Filter Include="shader">
      <UniqueIdentifier>{b5f6e4c2-8697-4249-ae02-29878957dcc3}</UniqueIdentifier>
    </Filter>
  </ItemGroup>
  <ItemGroup>
    <ClCompile Include="glad.c">
      <Filter>源文件</Filter>
    </ClCompile>
    <ClCompile Include="main.cpp">
      <Filter>源文件</Filter>
    </ClCompile>
    <ClCompile Include="stb.cpp">
      <Filter>源文件</Filter>
    </ClCompile>
    <ClCompile Include="Texture.h">
      <Filter>头文件</Filter>
    </ClCompile>
    <ClCompile Include="Camera.cpp">
      <Filter>源文件</Filter>
    </ClCompile>
    <ClCompile Include="bullet.cpp">
      <Filter>源文件</Filter>
    </ClCompile>
    <ClCompile Include="..\..\imgui.cpp">
      <Filter>imgui</Filter>
    </ClCompile>
    <ClCompile Include="..\..\imgui_demo.cpp">
      <Filter>imgui</Filter>
    </ClCompile>
    <ClCompile Include="..\..\imgui_draw.cpp">
      <Filter>imgui</Filter>
    </ClCompile>
    <ClCompile Include="..\..\imgui_widgets.cpp">
      <Filter>imgui</Filter>
    </ClCompile>
    <ClCompile Include="..\imgui_impl_glfw.cpp">
      <Filter>imgui</Filter>
    </ClCompile>
    <ClCompile Include="..\imgui_impl_opengl3.cpp">
      <Filter>imgui</Filter>
    </ClCompile>
    <ClCompile Include="chicken.cpp">
      <Filter>源文件</Filter>
    </ClCompile>
    <ClCompile Include="BMPOps.cpp">
      <Filter>源文件</Filter>
    </ClCompile>
    <ClCompile Include="obj.cpp">
      <Filter>源文件</Filter>
    </ClCompile>
  </ItemGroup>
  <ItemGroup>
    <ClInclude Include="Shader.h">
      <Filter>头文件</Filter>
    </ClInclude>
    <ClInclude Include="stb_image.h">
      <Filter>头文件</Filter>
    </ClInclude>
    <ClInclude Include="Camera.h">
      <Filter>头文件</Filter>
    </ClInclude>
    <ClInclude Include="Cube.h">
      <Filter>头文件</Filter>
    </ClInclude>
    <ClInclude Include="Material.h">
      <Filter>头文件</Filter>
    </ClInclude>
    <ClInclude Include="Light.h">
      <Filter>头文件</Filter>
    </ClInclude>
    <ClInclude Include="objReader.h">
      <Filter>头文件</Filter>
    </ClInclude>
    <ClInclude Include="bullet.h">
      <Filter>头文件</Filter>
    </ClInclude>
    <ClInclude Include="collider.h">
      <Filter>头文件</Filter>
    </ClInclude>
    <ClInclude Include="..\..\imconfig.h">
      <Filter>imgui</Filter>
    </ClInclude>
    <ClInclude Include="..\..\imgui.h">
      <Filter>imgui</Filter>
    </ClInclude>
    <ClInclude Include="..\..\imgui_internal.h">
      <Filter>imgui</Filter>
    </ClInclude>
    <ClInclude Include="..\imgui_impl_opengl3.h">
      <Filter>imgui</Filter>
    </ClInclude>
    <ClInclude Include="..\imgui_impl_glfw.h">
      <Filter>imgui</Filter>
    </ClInclude>
    <ClInclude Include="Chicken.h">
      <Filter>头文件</Filter>
    </ClInclude>
    <ClInclude Include="resourceManager.h">
      <Filter>头文件</Filter>
    </ClInclude>
    <ClInclude Include="BMPOps.h">
      <Filter>头文件</Filter>
    </ClInclude>
    <ClInclude Include="Obj.h">
      <Filter>头文件</Filter>
    </ClInclude>
    <ClInclude Include="mesh.h">
      <Filter>头文件\model</Filter>
    </ClInclude>
    <ClInclude Include="model.h">
      <Filter>头文件\model</Filter>
    </ClInclude>
  </ItemGroup>
  <ItemGroup>
    <None Include="power.fs">
      <Filter>shader</Filter>
    </None>
    <None Include="power.vs">
      <Filter>shader</Filter>
    </None>
    <None Include="screen.fs">
      <Filter>shader</Filter>
    </None>
    <None Include="screen.vs">
      <Filter>shader</Filter>
    </None>
    <None Include="pos_only.fs">
      <Filter>shader</Filter>
    </None>
    <None Include="pos_only.vs">
      <Filter>shader</Filter>
    </None>
    <None Include="pos_only.gs">
      <Filter>shader</Filter>
    </None>
    <None Include="water.vs">
      <Filter>shader</Filter>
    </None>
    <None Include="water.fs">
      <Filter>shader</Filter>
    </None>
    <None Include="my.fs">
      <Filter>shader</Filter>
    </None>
    <None Include="my.vs">
      <Filter>shader</Filter>
    </None>
  </ItemGroup>
</Project>